{
  "name": "@shuunen/sample-web-app",
  "version": "0.0.1",
  "lockfileVersion": 3,
  "requires": true,
  "packages": {
    "": {
      "name": "@shuunen/sample-web-app",
      "version": "0.0.1",
      "devDependencies": {
        "@shuunen/shuutils": "file:../../libs/shuutils"
      }
    },
    "../../libs/shuutils": {
      "name": "@shuunen/shuutils",
      "version": "0.0.1",
      "dev": true
    },
    "node_modules/@shuunen/shuutils": {
      "resolved": "../../libs/shuutils",
      "link": true
    }
  }
}
